// !$*UTF8*$!
{
	archiveVersion = 1;
	classes = {
	};
	objectVersion = 55;
	objects = {

/* Begin PBXBuildFile section */
		2D055DFD28B87C5700056808 /* TreatDetailView.swift in Sources */ = {isa = PBXBuildFile; fileRef = 2D055DFC28B87C5700056808 /* TreatDetailView.swift */; };
		2D4AA1CB28BB51D5000F2E09 /* AccountViewModel.swift in Sources */ = {isa = PBXBuildFile; fileRef = 2D4AA1CA28BB51D5000F2E09 /* AccountViewModel.swift */; };
		2D4AA1CE28BB5784000F2E09 /* StringExt.swift in Sources */ = {isa = PBXBuildFile; fileRef = 2D4AA1CD28BB5784000F2E09 /* StringExt.swift */; };
		2D91C20228B48C6F008D688A /* Treat.swift in Sources */ = {isa = PBXBuildFile; fileRef = 2D91C20128B48C6F008D688A /* Treat.swift */; };
		2D91C20428B4997D008D688A /* TreatListCell.swift in Sources */ = {isa = PBXBuildFile; fileRef = 2D91C20328B4997D008D688A /* TreatListCell.swift */; };
		2D91C20628B4A748008D688A /* NetworkManager.swift in Sources */ = {isa = PBXBuildFile; fileRef = 2D91C20528B4A748008D688A /* NetworkManager.swift */; };
		2D91C20828B4A988008D688A /* TRError.swift in Sources */ = {isa = PBXBuildFile; fileRef = 2D91C20728B4A988008D688A /* TRError.swift */; };
		2D91C20A28B4DACF008D688A /* TreatsListViewModel.swift in Sources */ = {isa = PBXBuildFile; fileRef = 2D91C20928B4DACF008D688A /* TreatsListViewModel.swift */; };
		2DB8501028B37663009C58CE /* TreatsApp.swift in Sources */ = {isa = PBXBuildFile; fileRef = 2DB8500F28B37663009C58CE /* TreatsApp.swift */; };
		2DB8501228B37663009C58CE /* TreatsTabView.swift in Sources */ = {isa = PBXBuildFile; fileRef = 2DB8501128B37663009C58CE /* TreatsTabView.swift */; };
		2DB8501428B37667009C58CE /* Assets.xcassets in Resources */ = {isa = PBXBuildFile; fileRef = 2DB8501328B37667009C58CE /* Assets.xcassets */; };
		2DB8501728B37667009C58CE /* Preview Assets.xcassets in Resources */ = {isa = PBXBuildFile; fileRef = 2DB8501628B37667009C58CE /* Preview Assets.xcassets */; };
		2DB8501E28B3774F009C58CE /* TreatsListView.swift in Sources */ = {isa = PBXBuildFile; fileRef = 2DB8501D28B3774F009C58CE /* TreatsListView.swift */; };
		2DB8502028B37760009C58CE /* AccountView.swift in Sources */ = {isa = PBXBuildFile; fileRef = 2DB8501F28B37760009C58CE /* AccountView.swift */; };
		2DB8502228B37772009C58CE /* OrderView.swift in Sources */ = {isa = PBXBuildFile; fileRef = 2DB8502128B37772009C58CE /* OrderView.swift */; };
		2DD8EE9B28B738E700FC7ECA /* RemoteImage.swift in Sources */ = {isa = PBXBuildFile; fileRef = 2DD8EE9A28B738E700FC7ECA /* RemoteImage.swift */; };
		2DEFC4B428B9D377006C236D /* XDismissButton.swift in Sources */ = {isa = PBXBuildFile; fileRef = 2DEFC4B328B9D377006C236D /* XDismissButton.swift */; };
		2DF4956D28B5D7330005728B /* Alert.swift in Sources */ = {isa = PBXBuildFile; fileRef = 2DF4956C28B5D7330005728B /* Alert.swift */; };
		2DF4957128B5E9760005728B /* LoadingView.swift in Sources */ = {isa = PBXBuildFile; fileRef = 2DF4957028B5E9760005728B /* LoadingView.swift */; };
/* End PBXBuildFile section */

/* Begin PBXFileReference section */
		2D055DFC28B87C5700056808 /* TreatDetailView.swift */ = {isa = PBXFileReference; lastKnownFileType = sourcecode.swift; path = TreatDetailView.swift; sourceTree = "<group>"; };
		2D4AA1CA28BB51D5000F2E09 /* AccountViewModel.swift */ = {isa = PBXFileReference; lastKnownFileType = sourcecode.swift; path = AccountViewModel.swift; sourceTree = "<group>"; };
		2D4AA1CD28BB5784000F2E09 /* StringExt.swift */ = {isa = PBXFileReference; lastKnownFileType = sourcecode.swift; path = StringExt.swift; sourceTree = "<group>"; };
		2D91C20128B48C6F008D688A /* Treat.swift */ = {isa = PBXFileReference; lastKnownFileType = sourcecode.swift; path = Treat.swift; sourceTree = "<group>"; };
		2D91C20328B4997D008D688A /* TreatListCell.swift */ = {isa = PBXFileReference; lastKnownFileType = sourcecode.swift; path = TreatListCell.swift; sourceTree = "<group>"; };
		2D91C20528B4A748008D688A /* NetworkManager.swift */ = {isa = PBXFileReference; lastKnownFileType = sourcecode.swift; path = NetworkManager.swift; sourceTree = "<group>"; };
		2D91C20728B4A988008D688A /* TRError.swift */ = {isa = PBXFileReference; lastKnownFileType = sourcecode.swift; path = TRError.swift; sourceTree = "<group>"; };
		2D91C20928B4DACF008D688A /* TreatsListViewModel.swift */ = {isa = PBXFileReference; lastKnownFileType = sourcecode.swift; path = TreatsListViewModel.swift; sourceTree = "<group>"; };
		2DB8500C28B37663009C58CE /* Treats.app */ = {isa = PBXFileReference; explicitFileType = wrapper.application; includeInIndex = 0; path = Treats.app; sourceTree = BUILT_PRODUCTS_DIR; };
		2DB8500F28B37663009C58CE /* TreatsApp.swift */ = {isa = PBXFileReference; lastKnownFileType = sourcecode.swift; path = TreatsApp.swift; sourceTree = "<group>"; };
		2DB8501128B37663009C58CE /* TreatsTabView.swift */ = {isa = PBXFileReference; lastKnownFileType = sourcecode.swift; path = TreatsTabView.swift; sourceTree = "<group>"; };
		2DB8501328B37667009C58CE /* Assets.xcassets */ = {isa = PBXFileReference; lastKnownFileType = folder.assetcatalog; path = Assets.xcassets; sourceTree = "<group>"; };
		2DB8501628B37667009C58CE /* Preview Assets.xcassets */ = {isa = PBXFileReference; lastKnownFileType = folder.assetcatalog; path = "Preview Assets.xcassets"; sourceTree = "<group>"; };
		2DB8501D28B3774F009C58CE /* TreatsListView.swift */ = {isa = PBXFileReference; lastKnownFileType = sourcecode.swift; path = TreatsListView.swift; sourceTree = "<group>"; };
		2DB8501F28B37760009C58CE /* AccountView.swift */ = {isa = PBXFileReference; lastKnownFileType = sourcecode.swift; path = AccountView.swift; sourceTree = "<group>"; };
		2DB8502128B37772009C58CE /* OrderView.swift */ = {isa = PBXFileReference; lastKnownFileType = sourcecode.swift; path = OrderView.swift; sourceTree = "<group>"; };
		2DD8EE9A28B738E700FC7ECA /* RemoteImage.swift */ = {isa = PBXFileReference; lastKnownFileType = sourcecode.swift; path = RemoteImage.swift; sourceTree = "<group>"; };
		2DEFC4B328B9D377006C236D /* XDismissButton.swift */ = {isa = PBXFileReference; lastKnownFileType = sourcecode.swift; path = XDismissButton.swift; sourceTree = "<group>"; };
		2DF4956C28B5D7330005728B /* Alert.swift */ = {isa = PBXFileReference; lastKnownFileType = sourcecode.swift; path = Alert.swift; sourceTree = "<group>"; };
		2DF4957028B5E9760005728B /* LoadingView.swift */ = {isa = PBXFileReference; lastKnownFileType = sourcecode.swift; path = LoadingView.swift; sourceTree = "<group>"; };
/* End PBXFileReference section */

/* Begin PBXFrameworksBuildPhase section */
		2DB8500928B37663009C58CE /* Frameworks */ = {
			isa = PBXFrameworksBuildPhase;
			buildActionMask = 2147483647;
			files = (
			);
			runOnlyForDeploymentPostprocessing = 0;
		};
/* End PBXFrameworksBuildPhase section */

/* Begin PBXGroup section */
		2D4AA1CC28BB5752000F2E09 /* Extensions */ = {
			isa = PBXGroup;
			children = (
				2D4AA1CD28BB5784000F2E09 /* StringExt.swift */,
			);
			path = Extensions;
			sourceTree = "<group>";
		};
		2DB8500328B37663009C58CE = {
			isa = PBXGroup;
			children = (
				2DB8500E28B37663009C58CE /* Treats */,
				2DB8500D28B37663009C58CE /* Products */,
			);
			sourceTree = "<group>";
		};
		2DB8500D28B37663009C58CE /* Products */ = {
			isa = PBXGroup;
			children = (
				2DB8500C28B37663009C58CE /* Treats.app */,
			);
			name = Products;
			sourceTree = "<group>";
		};
		2DB8500E28B37663009C58CE /* Treats */ = {
			isa = PBXGroup;
			children = (
				2DD8EE9D28B7434500FC7ECA /* Model */,
				2DD8EEA228B7447100FC7ECA /* Utilities */,
				2DD8EE9E28B7436C00FC7ECA /* Views */,
				2DD8EE9C28B7433B00FC7ECA /* Screens */,
				2DB8500F28B37663009C58CE /* TreatsApp.swift */,
				2DB8501328B37667009C58CE /* Assets.xcassets */,
				2DB8501528B37667009C58CE /* Preview Content */,
			);
			path = Treats;
			sourceTree = "<group>";
		};
		2DB8501528B37667009C58CE /* Preview Content */ = {
			isa = PBXGroup;
			children = (
				2DB8501628B37667009C58CE /* Preview Assets.xcassets */,
			);
			path = "Preview Content";
			sourceTree = "<group>";
		};
		2DD8EE9C28B7433B00FC7ECA /* Screens */ = {
			isa = PBXGroup;
			children = (
				2DB8501128B37663009C58CE /* TreatsTabView.swift */,
				2DD8EE9F28B7438700FC7ECA /* TreatListView */,
				2DD8EEA028B743A700FC7ECA /* AccountView */,
				2DD8EEA128B743B300FC7ECA /* OrderView */,
			);
			path = Screens;
			sourceTree = "<group>";
		};
		2DD8EE9D28B7434500FC7ECA /* Model */ = {
			isa = PBXGroup;
			children = (
				2D91C20128B48C6F008D688A /* Treat.swift */,
			);
			path = Model;
			sourceTree = "<group>";
		};
		2DD8EE9E28B7436C00FC7ECA /* Views */ = {
			isa = PBXGroup;
			children = (
				2DEFC4B228B9D361006C236D /* Buttons */,
				2DD8EEA728B7464500FC7ECA /* Loader */,
				2DD8EEA628B745E200FC7ECA /* Image */,
				2DD8EEA528B745C800FC7ECA /* Cells */,
			);
			path = Views;
			sourceTree = "<group>";
		};
		2DD8EE9F28B7438700FC7ECA /* TreatListView */ = {
			isa = PBXGroup;
			children = (
				2D91C20928B4DACF008D688A /* TreatsListViewModel.swift */,
				2DB8501D28B3774F009C58CE /* TreatsListView.swift */,
				2D055DFC28B87C5700056808 /* TreatDetailView.swift */,
			);
			path = TreatListView;
			sourceTree = "<group>";
		};
		2DD8EEA028B743A700FC7ECA /* AccountView */ = {
			isa = PBXGroup;
			children = (
				2D4AA1CA28BB51D5000F2E09 /* AccountViewModel.swift */,
				2DB8501F28B37760009C58CE /* AccountView.swift */,
			);
			path = AccountView;
			sourceTree = "<group>";
		};
		2DD8EEA128B743B300FC7ECA /* OrderView */ = {
			isa = PBXGroup;
			children = (
				2DB8502128B37772009C58CE /* OrderView.swift */,
			);
			path = OrderView;
			sourceTree = "<group>";
		};
		2DD8EEA228B7447100FC7ECA /* Utilities */ = {
			isa = PBXGroup;
			children = (
				2D4AA1CC28BB5752000F2E09 /* Extensions */,
				2DD8EEA428B744B300FC7ECA /* Alerts */,
				2DD8EEA328B7447A00FC7ECA /* Managers */,
			);
			path = Utilities;
			sourceTree = "<group>";
		};
		2DD8EEA328B7447A00FC7ECA /* Managers */ = {
			isa = PBXGroup;
			children = (
				2D91C20528B4A748008D688A /* NetworkManager.swift */,
			);
			path = Managers;
			sourceTree = "<group>";
		};
		2DD8EEA428B744B300FC7ECA /* Alerts */ = {
			isa = PBXGroup;
			children = (
				2D91C20728B4A988008D688A /* TRError.swift */,
				2DF4956C28B5D7330005728B /* Alert.swift */,
			);
			path = Alerts;
			sourceTree = "<group>";
		};
		2DD8EEA528B745C800FC7ECA /* Cells */ = {
			isa = PBXGroup;
			children = (
				2D91C20328B4997D008D688A /* TreatListCell.swift */,
			);
			path = Cells;
			sourceTree = "<group>";
		};
		2DD8EEA628B745E200FC7ECA /* Image */ = {
			isa = PBXGroup;
			children = (
				2DD8EE9A28B738E700FC7ECA /* RemoteImage.swift */,
			);
			path = Image;
			sourceTree = "<group>";
		};
		2DD8EEA728B7464500FC7ECA /* Loader */ = {
			isa = PBXGroup;
			children = (
				2DF4957028B5E9760005728B /* LoadingView.swift */,
			);
			path = Loader;
			sourceTree = "<group>";
		};
		2DEFC4B228B9D361006C236D /* Buttons */ = {
			isa = PBXGroup;
			children = (
				2DEFC4B328B9D377006C236D /* XDismissButton.swift */,
			);
			path = Buttons;
			sourceTree = "<group>";
		};
/* End PBXGroup section */

/* Begin PBXNativeTarget section */
		2DB8500B28B37663009C58CE /* Treats */ = {
			isa = PBXNativeTarget;
			buildConfigurationList = 2DB8501A28B37667009C58CE /* Build configuration list for PBXNativeTarget "Treats" */;
			buildPhases = (
				2DB8500828B37663009C58CE /* Sources */,
				2DB8500928B37663009C58CE /* Frameworks */,
				2DB8500A28B37663009C58CE /* Resources */,
			);
			buildRules = (
			);
			dependencies = (
			);
			name = Treats;
			productName = Treats;
			productReference = 2DB8500C28B37663009C58CE /* Treats.app */;
			productType = "com.apple.product-type.application";
		};
/* End PBXNativeTarget section */

/* Begin PBXProject section */
		2DB8500428B37663009C58CE /* Project object */ = {
			isa = PBXProject;
			attributes = {
				BuildIndependentTargetsInParallel = 1;
				LastSwiftUpdateCheck = 1320;
				LastUpgradeCheck = 1320;
				TargetAttributes = {
					2DB8500B28B37663009C58CE = {
						CreatedOnToolsVersion = 13.2.1;
					};
				};
			};
			buildConfigurationList = 2DB8500728B37663009C58CE /* Build configuration list for PBXProject "Treats" */;
			compatibilityVersion = "Xcode 13.0";
			developmentRegion = en;
			hasScannedForEncodings = 0;
			knownRegions = (
				en,
				Base,
			);
			mainGroup = 2DB8500328B37663009C58CE;
			productRefGroup = 2DB8500D28B37663009C58CE /* Products */;
			projectDirPath = "";
			projectRoot = "";
			targets = (
				2DB8500B28B37663009C58CE /* Treats */,
			);
		};
/* End PBXProject section */

/* Begin PBXResourcesBuildPhase section */
		2DB8500A28B37663009C58CE /* Resources */ = {
			isa = PBXResourcesBuildPhase;
			buildActionMask = 2147483647;
			files = (
				2DB8501728B37667009C58CE /* Preview Assets.xcassets in Resources */,
				2DB8501428B37667009C58CE /* Assets.xcassets in Resources */,
			);
			runOnlyForDeploymentPostprocessing = 0;
		};
/* End PBXResourcesBuildPhase section */

/* Begin PBXSourcesBuildPhase section */
		2DB8500828B37663009C58CE /* Sources */ = {
			isa = PBXSourcesBuildPhase;
			buildActionMask = 2147483647;
			files = (
				2D91C20228B48C6F008D688A /* Treat.swift in Sources */,
				2DB8502028B37760009C58CE /* AccountView.swift in Sources */,
				2D055DFD28B87C5700056808 /* TreatDetailView.swift in Sources */,
				2DB8501228B37663009C58CE /* TreatsTabView.swift in Sources */,
				2D91C20828B4A988008D688A /* TRError.swift in Sources */,
				2DB8501E28B3774F009C58CE /* TreatsListView.swift in Sources */,
				2DF4957128B5E9760005728B /* LoadingView.swift in Sources */,
				2DD8EE9B28B738E700FC7ECA /* RemoteImage.swift in Sources */,
				2D91C20A28B4DACF008D688A /* TreatsListViewModel.swift in Sources */,
				2D91C20628B4A748008D688A /* NetworkManager.swift in Sources */,
				2D4AA1CE28BB5784000F2E09 /* StringExt.swift in Sources */,
				2D4AA1CB28BB51D5000F2E09 /* AccountViewModel.swift in Sources */,
				2D91C20428B4997D008D688A /* TreatListCell.swift in Sources */,
				2DF4956D28B5D7330005728B /* Alert.swift in Sources */,
				2DB8501028B37663009C58CE /* TreatsApp.swift in Sources */,
				2DB8502228B37772009C58CE /* OrderView.swift in Sources */,
				2DEFC4B428B9D377006C236D /* XDismissButton.swift in Sources */,
			);
			runOnlyForDeploymentPostprocessing = 0;
		};
/* End PBXSourcesBuildPhase section */

/* Begin XCBuildConfiguration section */
		2DB8501828B37667009C58CE /* Debug */ = {
			isa = XCBuildConfiguration;
			buildSettings = {
				ALWAYS_SEARCH_USER_PATHS = NO;
				CLANG_ANALYZER_NONNULL = YES;
				CLANG_ANALYZER_NUMBER_OBJECT_CONVERSION = YES_AGGRESSIVE;
				CLANG_CXX_LANGUAGE_STANDARD = "gnu++17";
				CLANG_CXX_LIBRARY = "libc++";
				CLANG_ENABLE_MODULES = YES;
				CLANG_ENABLE_OBJC_ARC = YES;
				CLANG_ENABLE_OBJC_WEAK = YES;
				CLANG_WARN_BLOCK_CAPTURE_AUTORELEASING = YES;
				CLANG_WARN_BOOL_CONVERSION = YES;
				CLANG_WARN_COMMA = YES;
				CLANG_WARN_CONSTANT_CONVERSION = YES;
				CLANG_WARN_DEPRECATED_OBJC_IMPLEMENTATIONS = YES;
				CLANG_WARN_DIRECT_OBJC_ISA_USAGE = YES_ERROR;
				CLANG_WARN_DOCUMENTATION_COMMENTS = YES;
				CLANG_WARN_EMPTY_BODY = YES;
				CLANG_WARN_ENUM_CONVERSION = YES;
				CLANG_WARN_INFINITE_RECURSION = YES;
				CLANG_WARN_INT_CONVERSION = YES;
				CLANG_WARN_NON_LITERAL_NULL_CONVERSION = YES;
				CLANG_WARN_OBJC_IMPLICIT_RETAIN_SELF = YES;
				CLANG_WARN_OBJC_LITERAL_CONVERSION = YES;
				CLANG_WARN_OBJC_ROOT_CLASS = YES_ERROR;
				CLANG_WARN_QUOTED_INCLUDE_IN_FRAMEWORK_HEADER = YES;
				CLANG_WARN_RANGE_LOOP_ANALYSIS = YES;
				CLANG_WARN_STRICT_PROTOTYPES = YES;
				CLANG_WARN_SUSPICIOUS_MOVE = YES;
				CLANG_WARN_UNGUARDED_AVAILABILITY = YES_AGGRESSIVE;
				CLANG_WARN_UNREACHABLE_CODE = YES;
				CLANG_WARN__DUPLICATE_METHOD_MATCH = YES;
				COPY_PHASE_STRIP = NO;
				DEBUG_INFORMATION_FORMAT = dwarf;
				ENABLE_STRICT_OBJC_MSGSEND = YES;
				ENABLE_TESTABILITY = YES;
				GCC_C_LANGUAGE_STANDARD = gnu11;
				GCC_DYNAMIC_NO_PIC = NO;
				GCC_NO_COMMON_BLOCKS = YES;
				GCC_OPTIMIZATION_LEVEL = 0;
				GCC_PREPROCESSOR_DEFINITIONS = (
					"DEBUG=1",
					"$(inherited)",
				);
				GCC_WARN_64_TO_32_BIT_CONVERSION = YES;
				GCC_WARN_ABOUT_RETURN_TYPE = YES_ERROR;
				GCC_WARN_UNDECLARED_SELECTOR = YES;
				GCC_WARN_UNINITIALIZED_AUTOS = YES_AGGRESSIVE;
				GCC_WARN_UNUSED_FUNCTION = YES;
				GCC_WARN_UNUSED_VARIABLE = YES;
				IPHONEOS_DEPLOYMENT_TARGET = 15.2;
				MTL_ENABLE_DEBUG_INFO = INCLUDE_SOURCE;
				MTL_FAST_MATH = YES;
				ONLY_ACTIVE_ARCH = YES;
				SDKROOT = iphoneos;
				SWIFT_ACTIVE_COMPILATION_CONDITIONS = DEBUG;
				SWIFT_OPTIMIZATION_LEVEL = "-Onone";
			};
			name = Debug;
		};
		2DB8501928B37667009C58CE /* Release */ = {
			isa = XCBuildConfiguration;
			buildSettings = {
				ALWAYS_SEARCH_USER_PATHS = NO;
				CLANG_ANALYZER_NONNULL = YES;
				CLANG_ANALYZER_NUMBER_OBJECT_CONVERSION = YES_AGGRESSIVE;
				CLANG_CXX_LANGUAGE_STANDARD = "gnu++17";
				CLANG_CXX_LIBRARY = "libc++";
				CLANG_ENABLE_MODULES = YES;
				CLANG_ENABLE_OBJC_ARC = YES;
				CLANG_ENABLE_OBJC_WEAK = YES;
				CLANG_WARN_BLOCK_CAPTURE_AUTORELEASING = YES;
				CLANG_WARN_BOOL_CONVERSION = YES;
				CLANG_WARN_COMMA = YES;
				CLANG_WARN_CONSTANT_CONVERSION = YES;
				CLANG_WARN_DEPRECATED_OBJC_IMPLEMENTATIONS = YES;
				CLANG_WARN_DIRECT_OBJC_ISA_USAGE = YES_ERROR;
				CLANG_WARN_DOCUMENTATION_COMMENTS = YES;
				CLANG_WARN_EMPTY_BODY = YES;
				CLANG_WARN_ENUM_CONVERSION = YES;
				CLANG_WARN_INFINITE_RECURSION = YES;
				CLANG_WARN_INT_CONVERSION = YES;
				CLANG_WARN_NON_LITERAL_NULL_CONVERSION = YES;
				CLANG_WARN_OBJC_IMPLICIT_RETAIN_SELF = YES;
				CLANG_WARN_OBJC_LITERAL_CONVERSION = YES;
				CLANG_WARN_OBJC_ROOT_CLASS = YES_ERROR;
				CLANG_WARN_QUOTED_INCLUDE_IN_FRAMEWORK_HEADER = YES;
				CLANG_WARN_RANGE_LOOP_ANALYSIS = YES;
				CLANG_WARN_STRICT_PROTOTYPES = YES;
				CLANG_WARN_SUSPICIOUS_MOVE = YES;
				CLANG_WARN_UNGUARDED_AVAILABILITY = YES_AGGRESSIVE;
				CLANG_WARN_UNREACHABLE_CODE = YES;
				CLANG_WARN__DUPLICATE_METHOD_MATCH = YES;
				COPY_PHASE_STRIP = NO;
				DEBUG_INFORMATION_FORMAT = "dwarf-with-dsym";
				ENABLE_NS_ASSERTIONS = NO;
				ENABLE_STRICT_OBJC_MSGSEND = YES;
				GCC_C_LANGUAGE_STANDARD = gnu11;
				GCC_NO_COMMON_BLOCKS = YES;
				GCC_WARN_64_TO_32_BIT_CONVERSION = YES;
				GCC_WARN_ABOUT_RETURN_TYPE = YES_ERROR;
				GCC_WARN_UNDECLARED_SELECTOR = YES;
				GCC_WARN_UNINITIALIZED_AUTOS = YES_AGGRESSIVE;
				GCC_WARN_UNUSED_FUNCTION = YES;
				GCC_WARN_UNUSED_VARIABLE = YES;
				IPHONEOS_DEPLOYMENT_TARGET = 15.2;
				MTL_ENABLE_DEBUG_INFO = NO;
				MTL_FAST_MATH = YES;
				SDKROOT = iphoneos;
				SWIFT_COMPILATION_MODE = wholemodule;
				SWIFT_OPTIMIZATION_LEVEL = "-O";
				VALIDATE_PRODUCT = YES;
			};
			name = Release;
		};
		2DB8501B28B37667009C58CE /* Debug */ = {
			isa = XCBuildConfiguration;
			buildSettings = {
				ASSETCATALOG_COMPILER_APPICON_NAME = AppIcon;
				ASSETCATALOG_COMPILER_GLOBAL_ACCENT_COLOR_NAME = AccentColor;
				CODE_SIGN_STYLE = Automatic;
				CURRENT_PROJECT_VERSION = 1;
				DEVELOPMENT_ASSET_PATHS = "\"Treats/Preview Content\"";
				DEVELOPMENT_TEAM = LZXRVU7TPL;
				ENABLE_PREVIEWS = YES;
				GENERATE_INFOPLIST_FILE = YES;
				INFOPLIST_KEY_UIApplicationSceneManifest_Generation = YES;
				INFOPLIST_KEY_UIApplicationSupportsIndirectInputEvents = YES;
				INFOPLIST_KEY_UILaunchScreen_Generation = YES;
				INFOPLIST_KEY_UISupportedInterfaceOrientations_iPad = "UIInterfaceOrientationPortrait UIInterfaceOrientationPortraitUpsideDown UIInterfaceOrientationLandscapeLeft UIInterfaceOrientationLandscapeRight";
				INFOPLIST_KEY_UISupportedInterfaceOrientations_iPhone = "UIInterfaceOrientationPortrait UIInterfaceOrientationLandscapeLeft UIInterfaceOrientationLandscapeRight";
				LD_RUNPATH_SEARCH_PATHS = (
					"$(inherited)",
					"@executable_path/Frameworks",
				);
				MARKETING_VERSION = 1.0;
				PRODUCT_BUNDLE_IDENTIFIER = dev.approastery.Treats;
				PRODUCT_NAME = "$(TARGET_NAME)";
				SWIFT_EMIT_LOC_STRINGS = YES;
				SWIFT_VERSION = 5.0;
				TARGETED_DEVICE_FAMILY = "1,2";
			};
			name = Debug;
		};
		2DB8501C28B37667009C58CE /* Release */ = {
			isa = XCBuildConfiguration;
			buildSettings = {
				ASSETCATALOG_COMPILER_APPICON_NAME = AppIcon;
				ASSETCATALOG_COMPILER_GLOBAL_ACCENT_COLOR_NAME = AccentColor;
				CODE_SIGN_STYLE = Automatic;
				CURRENT_PROJECT_VERSION = 1;
				DEVELOPMENT_ASSET_PATHS = "\"Treats/Preview Content\"";
				DEVELOPMENT_TEAM = LZXRVU7TPL;
				ENABLE_PREVIEWS = YES;
				GENERATE_INFOPLIST_FILE = YES;
				INFOPLIST_KEY_UIApplicationSceneManifest_Generation = YES;
				INFOPLIST_KEY_UIApplicationSupportsIndirectInputEvents = YES;
				INFOPLIST_KEY_UILaunchScreen_Generation = YES;
				INFOPLIST_KEY_UISupportedInterfaceOrientations_iPad = "UIInterfaceOrientationPortrait UIInterfaceOrientationPortraitUpsideDown UIInterfaceOrientationLandscapeLeft UIInterfaceOrientationLandscapeRight";
				INFOPLIST_KEY_UISupportedInterfaceOrientations_iPhone = "UIInterfaceOrientationPortrait UIInterfaceOrientationLandscapeLeft UIInterfaceOrientationLandscapeRight";
				LD_RUNPATH_SEARCH_PATHS = (
					"$(inherited)",
					"@executable_path/Frameworks",
				);
				MARKETING_VERSION = 1.0;
				PRODUCT_BUNDLE_IDENTIFIER = dev.approastery.Treats;
				PRODUCT_NAME = "$(TARGET_NAME)";
				SWIFT_EMIT_LOC_STRINGS = YES;
				SWIFT_VERSION = 5.0;
				TARGETED_DEVICE_FAMILY = "1,2";
			};
			name = Release;
		};
/* End XCBuildConfiguration section */

/* Begin XCConfigurationList section */
		2DB8500728B37663009C58CE /* Build configuration list for PBXProject "Treats" */ = {
			isa = XCConfigurationList;
			buildConfigurations = (
				2DB8501828B37667009C58CE /* Debug */,
				2DB8501928B37667009C58CE /* Release */,
			);
			defaultConfigurationIsVisible = 0;
			defaultConfigurationName = Release;
		};
		2DB8501A28B37667009C58CE /* Build configuration list for PBXNativeTarget "Treats" */ = {
			isa = XCConfigurationList;
			buildConfigurations = (
				2DB8501B28B37667009C58CE /* Debug */,
				2DB8501C28B37667009C58CE /* Release */,
			);
			defaultConfigurationIsVisible = 0;
			defaultConfigurationName = Release;
		};
/* End XCConfigurationList section */
	};
	rootObject = 2DB8500428B37663009C58CE /* Project object */;
}
